// !$*UTF8*$!
{
	archiveVersion = 1;
	classes = {
	};
	objectVersion = 46;
	objects = {

/* Begin PBXBuildFile section */
		542B35BC1ED9C17000E60139 /* AppDelegate.swift in Sources */ = {isa = PBXBuildFile; fileRef = 542B35BB1ED9C17000E60139 /* AppDelegate.swift */; };
		542B35BE1ED9C17000E60139 /* ViewController.swift in Sources */ = {isa = PBXBuildFile; fileRef = 542B35BD1ED9C17000E60139 /* ViewController.swift */; };
		542B35C11ED9C17000E60139 /* Main.storyboard in Resources */ = {isa = PBXBuildFile; fileRef = 542B35BF1ED9C17000E60139 /* Main.storyboard */; };
		542B35C31ED9C17000E60139 /* Assets.xcassets in Resources */ = {isa = PBXBuildFile; fileRef = 542B35C21ED9C17000E60139 /* Assets.xcassets */; };
		542B35C61ED9C17000E60139 /* LaunchScreen.storyboard in Resources */ = {isa = PBXBuildFile; fileRef = 542B35C41ED9C17000E60139 /* LaunchScreen.storyboard */; };
		542B35D01ED9C23200E60139 /* botaogerar-pressionado.png in Resources */ = {isa = PBXBuildFile; fileRef = 542B35CD1ED9C23200E60139 /* botaogerar-pressionado.png */; };
		542B35D11ED9C23200E60139 /* botaogerar.png in Resources */ = {isa = PBXBuildFile; fileRef = 542B35CE1ED9C23200E60139 /* botaogerar.png */; };
		542B35D21ED9C23200E60139 /* logo.png in Resources */ = {isa = PBXBuildFile; fileRef = 542B35CF1ED9C23200E60139 /* logo.png */; };
/* End PBXBuildFile section */

/* Begin PBXFileReference section */
		542B35B81ED9C17000E60139 /* Gerador Numeros.app */ = {isa = PBXFileReference; explicitFileType = wrapper.application; includeInIndex = 0; path = "Gerador Numeros.app"; sourceTree = BUILT_PRODUCTS_DIR; };
		542B35BB1ED9C17000E60139 /* AppDelegate.swift */ = {isa = PBXFileReference; lastKnownFileType = sourcecode.swift; path = AppDelegate.swift; sourceTree = "<group>"; };
		542B35BD1ED9C17000E60139 /* ViewController.swift */ = {isa = PBXFileReference; lastKnownFileType = sourcecode.swift; path = ViewController.swift; sourceTree = "<group>"; };
		542B35C01ED9C17000E60139 /* Base */ = {isa = PBXFileReference; lastKnownFileType = file.storyboard; name = Base; path = Base.lproj/Main.storyboard; sourceTree = "<group>"; };
		542B35C21ED9C17000E60139 /* Assets.xcassets */ = {isa = PBXFileReference; lastKnownFileType = folder.assetcatalog; path = Assets.xcassets; sourceTree = "<group>"; };
		542B35C51ED9C17000E60139 /* Base */ = {isa = PBXFileReference; lastKnownFileType = file.storyboard; name = Base; path = Base.lproj/LaunchScreen.storyboard; sourceTree = "<group>"; };
		542B35C71ED9C17000E60139 /* Info.plist */ = {isa = PBXFileReference; lastKnownFileType = text.plist.xml; path = Info.plist; sourceTree = "<group>"; };
		542B35CD1ED9C23200E60139 /* botaogerar-pressionado.png */ = {isa = PBXFileReference; lastKnownFileType = image.png; name = "botaogerar-pressionado.png"; path = "../../../../Downloads/imagens-app-sorteio/botaogerar-pressionado.png"; sourceTree = "<group>"; };
		542B35CE1ED9C23200E60139 /* botaogerar.png */ = {isa = PBXFileReference; lastKnownFileType = image.png; name = botaogerar.png; path = "../../../../Downloads/imagens-app-sorteio/botaogerar.png"; sourceTree = "<group>"; };
		542B35CF1ED9C23200E60139 /* logo.png */ = {isa = PBXFileReference; lastKnownFileType = image.png; name = logo.png; path = "../../../../Downloads/imagens-app-sorteio/logo.png"; sourceTree = "<group>"; };
/* End PBXFileReference section */

/* Begin PBXFrameworksBuildPhase section */
		542B35B51ED9C17000E60139 /* Frameworks */ = {
			isa = PBXFrameworksBuildPhase;
			buildActionMask = 2147483647;
			files = (
			);
			runOnlyForDeploymentPostprocessing = 0;
		};
/* End PBXFrameworksBuildPhase section */

/* Begin PBXGroup section */
		542B35AF1ED9C17000E60139 = {
			isa = PBXGroup;
			children = (
				542B35BA1ED9C17000E60139 /* Gerador Numeros */,
				542B35B91ED9C17000E60139 /* Products */,
			);
			sourceTree = "<group>";
		};
		542B35B91ED9C17000E60139 /* Products */ = {
			isa = PBXGroup;
			children = (
				542B35B81ED9C17000E60139 /* Gerador Numeros.app */,
			);
			name = Products;
			sourceTree = "<group>";
		};
		542B35BA1ED9C17000E60139 /* Gerador Numeros */ = {
			isa = PBXGroup;
			children = (
				542B35CD1ED9C23200E60139 /* botaogerar-pressionado.png */,
				542B35CE1ED9C23200E60139 /* botaogerar.png */,
				542B35CF1ED9C23200E60139 /* logo.png */,
				542B35BB1ED9C17000E60139 /* AppDelegate.swift */,
				542B35BD1ED9C17000E60139 /* ViewController.swift */,
				542B35BF1ED9C17000E60139 /* Main.storyboard */,
				542B35C21ED9C17000E60139 /* Assets.xcassets */,
				542B35C41ED9C17000E60139 /* LaunchScreen.storyboard */,
				542B35C71ED9C17000E60139 /* Info.plist */,
			);
			path = "Gerador Numeros";
			sourceTree = "<group>";
		};
/* End PBXGroup section */

/* Begin PBXNativeTarget section */
		542B35B71ED9C17000E60139 /* Gerador Numeros */ = {
			isa = PBXNativeTarget;
			buildConfigurationList = 542B35CA1ED9C17000E60139 /* Build configuration list for PBXNativeTarget "Gerador Numeros" */;
			buildPhases = (
				542B35B41ED9C17000E60139 /* Sources */,
				542B35B51ED9C17000E60139 /* Frameworks */,
				542B35B61ED9C17000E60139 /* Resources */,
			);
			buildRules = (
			);
			dependencies = (
			);
			name = "Gerador Numeros";
			productName = "Gerador Numeros";
			productReference = 542B35B81ED9C17000E60139 /* Gerador Numeros.app */;
			productType = "com.apple.product-type.application";
		};
/* End PBXNativeTarget section */

/* Begin PBXProject section */
		542B35B01ED9C17000E60139 /* Project object */ = {
			isa = PBXProject;
			attributes = {
				LastSwiftUpdateCheck = 0830;
				LastUpgradeCheck = 0830;
				ORGANIZATIONNAME = "Guilherme Pires";
				TargetAttributes = {
					542B35B71ED9C17000E60139 = {
						CreatedOnToolsVersion = 8.3.2;
						DevelopmentTeam = CH8K5ST29C;
						ProvisioningStyle = Automatic;
					};
				};
			};
			buildConfigurationList = 542B35B31ED9C17000E60139 /* Build configuration list for PBXProject "Gerador Numeros" */;
			compatibilityVersion = "Xcode 3.2";
			developmentRegion = English;
			hasScannedForEncodings = 0;
			knownRegions = (
				en,
				Base,
			);
			mainGroup = 542B35AF1ED9C17000E60139;
			productRefGroup = 542B35B91ED9C17000E60139 /* Products */;
			projectDirPath = "";
			projectRoot = "";
			targets = (
				542B35B71ED9C17000E60139 /* Gerador Numeros */,
			);
		};
/* End PBXProject section */

/* Begin PBXResourcesBuildPhase section */
		542B35B61ED9C17000E60139 /* Resources */ = {
			isa = PBXResourcesBuildPhase;
			buildActionMask = 2147483647;
			files = (
				542B35C61ED9C17000E60139 /* LaunchScreen.storyboard in Resources */,
				542B35C31ED9C17000E60139 /* Assets.xcassets in Resources */,
				542B35D21ED9C23200E60139 /* logo.png in Resources */,
				542B35D11ED9C23200E60139 /* botaogerar.png in Resources */,
				542B35C11ED9C17000E60139 /* Main.storyboard in Resources */,
				542B35D01ED9C23200E60139 /* botaogerar-pressionado.png in Resources */,
			);
			runOnlyForDeploymentPostprocessing = 0;
		};
/* End PBXResourcesBuildPhase section */

/* Begin PBXSourcesBuildPhase section */
		542B35B41ED9C17000E60139 /* Sources */ = {
			isa = PBXSourcesBuildPhase;
			buildActionMask = 2147483647;
			files = (
				542B35BE1ED9C17000E60139 /* ViewController.swift in Sources */,
				542B35BC1ED9C17000E60139 /* AppDelegate.swift in Sources */,
			);
			runOnlyForDeploymentPostprocessing = 0;
		};
/* End PBXSourcesBuildPhase section */

/* Begin PBXVariantGroup section */
		542B35BF1ED9C17000E60139 /* Main.storyboard */ = {
			isa = PBXVariantGroup;
			children = (
				542B35C01ED9C17000E60139 /* Base */,
			);
			name = Main.storyboard;
			sourceTree = "<group>";
		};
		542B35C41ED9C17000E60139 /* LaunchScreen.storyboard */ = {
			isa = PBXVariantGroup;
			children = (
				542B35C51ED9C17000E60139 /* Base */,
			);
			name = LaunchScreen.storyboard;
			sourceTree = "<group>";
		};
/* End PBXVariantGroup section */

/* Begin XCBuildConfiguration section */
		542B35C81ED9C17000E60139 /* Debug */ = {
			isa = XCBuildConfiguration;
			buildSettings = {
				ALWAYS_SEARCH_USER_PATHS = NO;
				CLANG_ANALYZER_NONNULL = YES;
				CLANG_ANALYZER_NUMBER_OBJECT_CONVERSION = YES_AGGRESSIVE;
				CLANG_CXX_LANGUAGE_STANDARD = "gnu++0x";
				CLANG_CXX_LIBRARY = "libc++";
				CLANG_ENABLE_MODULES = YES;
				CLANG_ENABLE_OBJC_ARC = YES;
				CLANG_WARN_BOOL_CONVERSION = YES;
				CLANG_WARN_CONSTANT_CONVERSION = YES;
				CLANG_WARN_DIRECT_OBJC_ISA_USAGE = YES_ERROR;
				CLANG_WARN_DOCUMENTATION_COMMENTS = YES;
				CLANG_WARN_EMPTY_BODY = YES;
				CLANG_WARN_ENUM_CONVERSION = YES;
				CLANG_WARN_INFINITE_RECURSION = YES;
				CLANG_WARN_INT_CONVERSION = YES;
				CLANG_WARN_OBJC_ROOT_CLASS = YES_ERROR;
				CLANG_WARN_SUSPICIOUS_MOVE = YES;
				CLANG_WARN_UNREACHABLE_CODE = YES;
				CLANG_WARN__DUPLICATE_METHOD_MATCH = YES;
				"CODE_SIGN_IDENTITY[sdk=iphoneos*]" = "iPhone Developer";
				COPY_PHASE_STRIP = NO;
				DEBUG_INFORMATION_FORMAT = dwarf;
				ENABLE_STRICT_OBJC_MSGSEND = YES;
				ENABLE_TESTABILITY = YES;
				GCC_C_LANGUAGE_STANDARD = gnu99;
				GCC_DYNAMIC_NO_PIC = NO;
				GCC_NO_COMMON_BLOCKS = YES;
				GCC_OPTIMIZATION_LEVEL = 0;
				GCC_PREPROCESSOR_DEFINITIONS = (
					"DEBUG=1",
					"$(inherited)",
				);
				GCC_WARN_64_TO_32_BIT_CONVERSION = YES;
				GCC_WARN_ABOUT_RETURN_TYPE = YES_ERROR;
				GCC_WARN_UNDECLARED_SELECTOR = YES;
				GCC_WARN_UNINITIALIZED_AUTOS = YES_AGGRESSIVE;
				GCC_WARN_UNUSED_FUNCTION = YES;
				GCC_WARN_UNUSED_VARIABLE = YES;
				IPHONEOS_DEPLOYMENT_TARGET = 10.3;
				MTL_ENABLE_DEBUG_INFO = YES;
				ONLY_ACTIVE_ARCH = YES;
				SDKROOT = iphoneos;
				SWIFT_ACTIVE_COMPILATION_CONDITIONS = DEBUG;
				SWIFT_OPTIMIZATION_LEVEL = "-Onone";
			};
			name = Debug;
		};
		542B35C91ED9C17000E60139 /* Release */ = {
			isa = XCBuildConfiguration;
			buildSettings = {
				ALWAYS_SEARCH_USER_PATHS = NO;
				CLANG_ANALYZER_NONNULL = YES;
				CLANG_ANALYZER_NUMBER_OBJECT_CONVERSION = YES_AGGRESSIVE;
				CLANG_CXX_LANGUAGE_STANDARD = "gnu++0x";
				CLANG_CXX_LIBRARY = "libc++";
				CLANG_ENABLE_MODULES = YES;
				CLANG_ENABLE_OBJC_ARC = YES;
				CLANG_WARN_BOOL_CONVERSION = YES;
				CLANG_WARN_CONSTANT_CONVERSION = YES;
				CLANG_WARN_DIRECT_OBJC_ISA_USAGE = YES_ERROR;
				CLANG_WARN_DOCUMENTATION_COMMENTS = YES;
				CLANG_WARN_EMPTY_BODY = YES;
				CLANG_WARN_ENUM_CONVERSION = YES;
				CLANG_WARN_INFINITE_RECURSION = YES;
				CLANG_WARN_INT_CONVERSION = YES;
				CLANG_WARN_OBJC_ROOT_CLASS = YES_ERROR;
				CLANG_WARN_SUSPICIOUS_MOVE = YES;
				CLANG_WARN_UNREACHABLE_CODE = YES;
				CLANG_WARN__DUPLICATE_METHOD_MATCH = YES;
				"CODE_SIGN_IDENTITY[sdk=iphoneos*]" = "iPhone Developer";
				COPY_PHASE_STRIP = NO;
				DEBUG_INFORMATION_FORMAT = "dwarf-with-dsym";
				ENABLE_NS_ASSERTIONS = NO;
				ENABLE_STRICT_OBJC_MSGSEND = YES;
				GCC_C_LANGUAGE_STANDARD = gnu99;
				GCC_NO_COMMON_BLOCKS = YES;
				GCC_WARN_64_TO_32_BIT_CONVERSION = YES;
				GCC_WARN_ABOUT_RETURN_TYPE = YES_ERROR;
				GCC_WARN_UNDECLARED_SELECTOR = YES;
				GCC_WARN_UNINITIALIZED_AUTOS = YES_AGGRESSIVE;
				GCC_WARN_UNUSED_FUNCTION = YES;
				GCC_WARN_UNUSED_VARIABLE = YES;
				IPHONEOS_DEPLOYMENT_TARGET = 10.3;
				MTL_ENABLE_DEBUG_INFO = NO;
				SDKROOT = iphoneos;
				SWIFT_OPTIMIZATION_LEVEL = "-Owholemodule";
				VALIDATE_PRODUCT = YES;
			};
			name = Release;
		};
		542B35CB1ED9C17000E60139 /* Debug */ = {
			isa = XCBuildConfiguration;
			buildSettings = {
				ASSETCATALOG_COMPILER_APPICON_NAME = AppIcon;
				DEVELOPMENT_TEAM = CH8K5ST29C;
				INFOPLIST_FILE = "Gerador Numeros/Info.plist";
				LD_RUNPATH_SEARCH_PATHS = "$(inherited) @executable_path/Frameworks";
				PRODUCT_BUNDLE_IDENTIFIER = "br.com.devizao.Gerador-Numeros";
				PRODUCT_NAME = "$(TARGET_NAME)";
				SWIFT_VERSION = 3.0;
			};
			name = Debug;
		};
		542B35CC1ED9C17000E60139 /* Release */ = {
			isa = XCBuildConfiguration;
			buildSettings = {
				ASSETCATALOG_COMPILER_APPICON_NAME = AppIcon;
				DEVELOPMENT_TEAM = CH8K5ST29C;
				INFOPLIST_FILE = "Gerador Numeros/Info.plist";
				LD_RUNPATH_SEARCH_PATHS = "$(inherited) @executable_path/Frameworks";
				PRODUCT_BUNDLE_IDENTIFIER = "br.com.devizao.Gerador-Numeros";
				PRODUCT_NAME = "$(TARGET_NAME)";
				SWIFT_VERSION = 3.0;
			};
			name = Release;
		};
/* End XCBuildConfiguration section */

/* Begin XCConfigurationList section */
		542B35B31ED9C17000E60139 /* Build configuration list for PBXProject "Gerador Numeros" */ = {
			isa = XCConfigurationList;
			buildConfigurations = (
				542B35C81ED9C17000E60139 /* Debug */,
				542B35C91ED9C17000E60139 /* Release */,
			);
			defaultConfigurationIsVisible = 0;
			defaultConfigurationName = Release;
		};
		542B35CA1ED9C17000E60139 /* Build configuration list for PBXNativeTarget "Gerador Numeros" */ = {
			isa = XCConfigurationList;
			buildConfigurations = (
				542B35CB1ED9C17000E60139 /* Debug */,
				542B35CC1ED9C17000E60139 /* Release */,
			);
			defaultConfigurationIsVisible = 0;
		};
/* End XCConfigurationList section */
	};
	rootObject = 542B35B01ED9C17000E60139 /* Project object */;
}
