// !$*UTF8*$!
{
	archiveVersion = 1;
	classes = {
	};
	objectVersion = 48;
	objects = {

/* Begin PBXBuildFile section */
		546930821F54D81000815866 /* AppDelegate.swift in Sources */ = {isa = PBXBuildFile; fileRef = 546930811F54D81000815866 /* AppDelegate.swift */; };
		546930841F54D81000815866 /* ViewController.swift in Sources */ = {isa = PBXBuildFile; fileRef = 546930831F54D81000815866 /* ViewController.swift */; };
		546930871F54D81000815866 /* Main.storyboard in Resources */ = {isa = PBXBuildFile; fileRef = 546930851F54D81000815866 /* Main.storyboard */; };
		546930891F54D81000815866 /* Assets.xcassets in Resources */ = {isa = PBXBuildFile; fileRef = 546930881F54D81000815866 /* Assets.xcassets */; };
		5469308C1F54D81000815866 /* LaunchScreen.storyboard in Resources */ = {isa = PBXBuildFile; fileRef = 5469308A1F54D81000815866 /* LaunchScreen.storyboard */; };
		546930951F54D83500815866 /* CoreLocation.framework in Frameworks */ = {isa = PBXBuildFile; fileRef = 546930941F54D83500815866 /* CoreLocation.framework */; };
/* End PBXBuildFile section */

/* Begin PBXFileReference section */
		5469307E1F54D81000815866 /* OndeEstou.app */ = {isa = PBXFileReference; explicitFileType = wrapper.application; includeInIndex = 0; path = OndeEstou.app; sourceTree = BUILT_PRODUCTS_DIR; };
		546930811F54D81000815866 /* AppDelegate.swift */ = {isa = PBXFileReference; lastKnownFileType = sourcecode.swift; path = AppDelegate.swift; sourceTree = "<group>"; };
		546930831F54D81000815866 /* ViewController.swift */ = {isa = PBXFileReference; lastKnownFileType = sourcecode.swift; path = ViewController.swift; sourceTree = "<group>"; };
		546930861F54D81000815866 /* Base */ = {isa = PBXFileReference; lastKnownFileType = file.storyboard; name = Base; path = Base.lproj/Main.storyboard; sourceTree = "<group>"; };
		546930881F54D81000815866 /* Assets.xcassets */ = {isa = PBXFileReference; lastKnownFileType = folder.assetcatalog; path = Assets.xcassets; sourceTree = "<group>"; };
		5469308B1F54D81000815866 /* Base */ = {isa = PBXFileReference; lastKnownFileType = file.storyboard; name = Base; path = Base.lproj/LaunchScreen.storyboard; sourceTree = "<group>"; };
		5469308D1F54D81000815866 /* Info.plist */ = {isa = PBXFileReference; lastKnownFileType = text.plist.xml; path = Info.plist; sourceTree = "<group>"; };
		546930941F54D83500815866 /* CoreLocation.framework */ = {isa = PBXFileReference; lastKnownFileType = wrapper.framework; name = CoreLocation.framework; path = System/Library/Frameworks/CoreLocation.framework; sourceTree = SDKROOT; };
/* End PBXFileReference section */

/* Begin PBXFrameworksBuildPhase section */
		5469307B1F54D81000815866 /* Frameworks */ = {
			isa = PBXFrameworksBuildPhase;
			buildActionMask = 2147483647;
			files = (
				546930951F54D83500815866 /* CoreLocation.framework in Frameworks */,
			);
			runOnlyForDeploymentPostprocessing = 0;
		};
/* End PBXFrameworksBuildPhase section */

/* Begin PBXGroup section */
		546930751F54D81000815866 = {
			isa = PBXGroup;
			children = (
				546930801F54D81000815866 /* OndeEstou */,
				5469307F1F54D81000815866 /* Products */,
				546930931F54D83500815866 /* Frameworks */,
			);
			sourceTree = "<group>";
		};
		5469307F1F54D81000815866 /* Products */ = {
			isa = PBXGroup;
			children = (
				5469307E1F54D81000815866 /* OndeEstou.app */,
			);
			name = Products;
			sourceTree = "<group>";
		};
		546930801F54D81000815866 /* OndeEstou */ = {
			isa = PBXGroup;
			children = (
				546930811F54D81000815866 /* AppDelegate.swift */,
				546930831F54D81000815866 /* ViewController.swift */,
				546930851F54D81000815866 /* Main.storyboard */,
				546930881F54D81000815866 /* Assets.xcassets */,
				5469308A1F54D81000815866 /* LaunchScreen.storyboard */,
				5469308D1F54D81000815866 /* Info.plist */,
			);
			path = OndeEstou;
			sourceTree = "<group>";
		};
		546930931F54D83500815866 /* Frameworks */ = {
			isa = PBXGroup;
			children = (
				546930941F54D83500815866 /* CoreLocation.framework */,
			);
			name = Frameworks;
			sourceTree = "<group>";
		};
/* End PBXGroup section */

/* Begin PBXNativeTarget section */
		5469307D1F54D81000815866 /* OndeEstou */ = {
			isa = PBXNativeTarget;
			buildConfigurationList = 546930901F54D81000815866 /* Build configuration list for PBXNativeTarget "OndeEstou" */;
			buildPhases = (
				5469307A1F54D81000815866 /* Sources */,
				5469307B1F54D81000815866 /* Frameworks */,
				5469307C1F54D81000815866 /* Resources */,
			);
			buildRules = (
			);
			dependencies = (
			);
			name = OndeEstou;
			productName = OndeEstou;
			productReference = 5469307E1F54D81000815866 /* OndeEstou.app */;
			productType = "com.apple.product-type.application";
		};
/* End PBXNativeTarget section */

/* Begin PBXProject section */
		546930761F54D81000815866 /* Project object */ = {
			isa = PBXProject;
			attributes = {
				LastSwiftUpdateCheck = 0900;
				LastUpgradeCheck = 0900;
				ORGANIZATIONNAME = "Guilherme Pires";
				TargetAttributes = {
					5469307D1F54D81000815866 = {
						CreatedOnToolsVersion = 9.0;
					};
				};
			};
			buildConfigurationList = 546930791F54D81000815866 /* Build configuration list for PBXProject "OndeEstou" */;
			compatibilityVersion = "Xcode 8.0";
			developmentRegion = en;
			hasScannedForEncodings = 0;
			knownRegions = (
				en,
				Base,
			);
			mainGroup = 546930751F54D81000815866;
			productRefGroup = 5469307F1F54D81000815866 /* Products */;
			projectDirPath = "";
			projectRoot = "";
			targets = (
				5469307D1F54D81000815866 /* OndeEstou */,
			);
		};
/* End PBXProject section */

/* Begin PBXResourcesBuildPhase section */
		5469307C1F54D81000815866 /* Resources */ = {
			isa = PBXResourcesBuildPhase;
			buildActionMask = 2147483647;
			files = (
				5469308C1F54D81000815866 /* LaunchScreen.storyboard in Resources */,
				546930891F54D81000815866 /* Assets.xcassets in Resources */,
				546930871F54D81000815866 /* Main.storyboard in Resources */,
			);
			runOnlyForDeploymentPostprocessing = 0;
		};
/* End PBXResourcesBuildPhase section */

/* Begin PBXSourcesBuildPhase section */
		5469307A1F54D81000815866 /* Sources */ = {
			isa = PBXSourcesBuildPhase;
			buildActionMask = 2147483647;
			files = (
				546930841F54D81000815866 /* ViewController.swift in Sources */,
				546930821F54D81000815866 /* AppDelegate.swift in Sources */,
			);
			runOnlyForDeploymentPostprocessing = 0;
		};
/* End PBXSourcesBuildPhase section */

/* Begin PBXVariantGroup section */
		546930851F54D81000815866 /* Main.storyboard */ = {
			isa = PBXVariantGroup;
			children = (
				546930861F54D81000815866 /* Base */,
			);
			name = Main.storyboard;
			sourceTree = "<group>";
		};
		5469308A1F54D81000815866 /* LaunchScreen.storyboard */ = {
			isa = PBXVariantGroup;
			children = (
				5469308B1F54D81000815866 /* Base */,
			);
			name = LaunchScreen.storyboard;
			sourceTree = "<group>";
		};
/* End PBXVariantGroup section */

/* Begin XCBuildConfiguration section */
		5469308E1F54D81000815866 /* Debug */ = {
			isa = XCBuildConfiguration;
			buildSettings = {
				ALWAYS_SEARCH_USER_PATHS = NO;
				CLANG_ANALYZER_NONNULL = YES;
				CLANG_ANALYZER_NUMBER_OBJECT_CONVERSION = YES_AGGRESSIVE;
				CLANG_CXX_LANGUAGE_STANDARD = "gnu++14";
				CLANG_CXX_LIBRARY = "libc++";
				CLANG_ENABLE_MODULES = YES;
				CLANG_ENABLE_OBJC_ARC = YES;
				CLANG_WARN_BLOCK_CAPTURE_AUTORELEASING = YES;
				CLANG_WARN_BOOL_CONVERSION = YES;
				CLANG_WARN_COMMA = YES;
				CLANG_WARN_CONSTANT_CONVERSION = YES;
				CLANG_WARN_DIRECT_OBJC_ISA_USAGE = YES_ERROR;
				CLANG_WARN_DOCUMENTATION_COMMENTS = YES;
				CLANG_WARN_EMPTY_BODY = YES;
				CLANG_WARN_ENUM_CONVERSION = YES;
				CLANG_WARN_INFINITE_RECURSION = YES;
				CLANG_WARN_INT_CONVERSION = YES;
				CLANG_WARN_NON_LITERAL_NULL_CONVERSION = YES;
				CLANG_WARN_OBJC_LITERAL_CONVERSION = YES;
				CLANG_WARN_OBJC_ROOT_CLASS = YES_ERROR;
				CLANG_WARN_RANGE_LOOP_ANALYSIS = YES;
				CLANG_WARN_STRICT_PROTOTYPES = YES;
				CLANG_WARN_SUSPICIOUS_MOVE = YES;
				CLANG_WARN_UNGUARDED_AVAILABILITY = YES_AGGRESSIVE;
				CLANG_WARN_UNREACHABLE_CODE = YES;
				CLANG_WARN__DUPLICATE_METHOD_MATCH = YES;
				CODE_SIGN_IDENTITY = "iPhone Developer";
				COPY_PHASE_STRIP = NO;
				DEBUG_INFORMATION_FORMAT = dwarf;
				ENABLE_STRICT_OBJC_MSGSEND = YES;
				ENABLE_TESTABILITY = YES;
				GCC_C_LANGUAGE_STANDARD = gnu11;
				GCC_DYNAMIC_NO_PIC = NO;
				GCC_NO_COMMON_BLOCKS = YES;
				GCC_OPTIMIZATION_LEVEL = 0;
				GCC_PREPROCESSOR_DEFINITIONS = (
					"DEBUG=1",
					"$(inherited)",
				);
				GCC_WARN_64_TO_32_BIT_CONVERSION = YES;
				GCC_WARN_ABOUT_RETURN_TYPE = YES_ERROR;
				GCC_WARN_UNDECLARED_SELECTOR = YES;
				GCC_WARN_UNINITIALIZED_AUTOS = YES_AGGRESSIVE;
				GCC_WARN_UNUSED_FUNCTION = YES;
				GCC_WARN_UNUSED_VARIABLE = YES;
				IPHONEOS_DEPLOYMENT_TARGET = 11.0;
				MTL_ENABLE_DEBUG_INFO = YES;
				ONLY_ACTIVE_ARCH = YES;
				SDKROOT = iphoneos;
				SWIFT_ACTIVE_COMPILATION_CONDITIONS = DEBUG;
				SWIFT_OPTIMIZATION_LEVEL = "-Onone";
			};
			name = Debug;
		};
		5469308F1F54D81000815866 /* Release */ = {
			isa = XCBuildConfiguration;
			buildSettings = {
				ALWAYS_SEARCH_USER_PATHS = NO;
				CLANG_ANALYZER_NONNULL = YES;
				CLANG_ANALYZER_NUMBER_OBJECT_CONVERSION = YES_AGGRESSIVE;
				CLANG_CXX_LANGUAGE_STANDARD = "gnu++14";
				CLANG_CXX_LIBRARY = "libc++";
				CLANG_ENABLE_MODULES = YES;
				CLANG_ENABLE_OBJC_ARC = YES;
				CLANG_WARN_BLOCK_CAPTURE_AUTORELEASING = YES;
				CLANG_WARN_BOOL_CONVERSION = YES;
				CLANG_WARN_COMMA = YES;
				CLANG_WARN_CONSTANT_CONVERSION = YES;
				CLANG_WARN_DIRECT_OBJC_ISA_USAGE = YES_ERROR;
				CLANG_WARN_DOCUMENTATION_COMMENTS = YES;
				CLANG_WARN_EMPTY_BODY = YES;
				CLANG_WARN_ENUM_CONVERSION = YES;
				CLANG_WARN_INFINITE_RECURSION = YES;
				CLANG_WARN_INT_CONVERSION = YES;
				CLANG_WARN_NON_LITERAL_NULL_CONVERSION = YES;
				CLANG_WARN_OBJC_LITERAL_CONVERSION = YES;
				CLANG_WARN_OBJC_ROOT_CLASS = YES_ERROR;
				CLANG_WARN_RANGE_LOOP_ANALYSIS = YES;
				CLANG_WARN_STRICT_PROTOTYPES = YES;
				CLANG_WARN_SUSPICIOUS_MOVE = YES;
				CLANG_WARN_UNGUARDED_AVAILABILITY = YES_AGGRESSIVE;
				CLANG_WARN_UNREACHABLE_CODE = YES;
				CLANG_WARN__DUPLICATE_METHOD_MATCH = YES;
				CODE_SIGN_IDENTITY = "iPhone Developer";
				COPY_PHASE_STRIP = NO;
				DEBUG_INFORMATION_FORMAT = "dwarf-with-dsym";
				ENABLE_NS_ASSERTIONS = NO;
				ENABLE_STRICT_OBJC_MSGSEND = YES;
				GCC_C_LANGUAGE_STANDARD = gnu11;
				GCC_NO_COMMON_BLOCKS = YES;
				GCC_WARN_64_TO_32_BIT_CONVERSION = YES;
				GCC_WARN_ABOUT_RETURN_TYPE = YES_ERROR;
				GCC_WARN_UNDECLARED_SELECTOR = YES;
				GCC_WARN_UNINITIALIZED_AUTOS = YES_AGGRESSIVE;
				GCC_WARN_UNUSED_FUNCTION = YES;
				GCC_WARN_UNUSED_VARIABLE = YES;
				IPHONEOS_DEPLOYMENT_TARGET = 11.0;
				MTL_ENABLE_DEBUG_INFO = NO;
				SDKROOT = iphoneos;
				SWIFT_OPTIMIZATION_LEVEL = "-Owholemodule";
				VALIDATE_PRODUCT = YES;
			};
			name = Release;
		};
		546930911F54D81000815866 /* Debug */ = {
			isa = XCBuildConfiguration;
			buildSettings = {
				ASSETCATALOG_COMPILER_APPICON_NAME = AppIcon;
				DEVELOPMENT_TEAM = CH8K5ST29C;
				INFOPLIST_FILE = OndeEstou/Info.plist;
				LD_RUNPATH_SEARCH_PATHS = "$(inherited) @executable_path/Frameworks";
				PRODUCT_BUNDLE_IDENTIFIER = br.com.devizao.OndeEstou;
				PRODUCT_NAME = "$(TARGET_NAME)";
				SWIFT_VERSION = 4.0;
				TARGETED_DEVICE_FAMILY = "1,2";
			};
			name = Debug;
		};
		546930921F54D81000815866 /* Release */ = {
			isa = XCBuildConfiguration;
			buildSettings = {
				ASSETCATALOG_COMPILER_APPICON_NAME = AppIcon;
				DEVELOPMENT_TEAM = CH8K5ST29C;
				INFOPLIST_FILE = OndeEstou/Info.plist;
				LD_RUNPATH_SEARCH_PATHS = "$(inherited) @executable_path/Frameworks";
				PRODUCT_BUNDLE_IDENTIFIER = br.com.devizao.OndeEstou;
				PRODUCT_NAME = "$(TARGET_NAME)";
				SWIFT_VERSION = 4.0;
				TARGETED_DEVICE_FAMILY = "1,2";
			};
			name = Release;
		};
/* End XCBuildConfiguration section */

/* Begin XCConfigurationList section */
		546930791F54D81000815866 /* Build configuration list for PBXProject "OndeEstou" */ = {
			isa = XCConfigurationList;
			buildConfigurations = (
				5469308E1F54D81000815866 /* Debug */,
				5469308F1F54D81000815866 /* Release */,
			);
			defaultConfigurationIsVisible = 0;
			defaultConfigurationName = Release;
		};
		546930901F54D81000815866 /* Build configuration list for PBXNativeTarget "OndeEstou" */ = {
			isa = XCConfigurationList;
			buildConfigurations = (
				546930911F54D81000815866 /* Debug */,
				546930921F54D81000815866 /* Release */,
			);
			defaultConfigurationIsVisible = 0;
			defaultConfigurationName = Release;
		};
/* End XCConfigurationList section */
	};
	rootObject = 546930761F54D81000815866 /* Project object */;
}
